{
  "version": 4,
  "terraform_version": "1.5.7",
  "serial": 24,
  "lineage": "ffa8a1f1-7cb9-a479-b656-749f47ed8cfb",
  "outputs": {},
  "resources": [
    {
      "mode": "data",
      "type": "google_secret_manager_secret_version",
      "name": "db_password",
      "provider": "provider[\"registry.terraform.io/hashicorp/google\"]",
      "instances": [
        {
          "schema_version": 0,
          "attributes": {
            "create_time": "2024-11-03T16:50:58.227347Z",
            "destroy_time": null,
            "enabled": true,
            "id": "projects/812676081674/secrets/DB_PASSWORD/versions/1",
            "name": "projects/812676081674/secrets/DB_PASSWORD/versions/1",
            "project": "zero2prod-473829",
            "secret": "DB_PASSWORD",
            "secret_data": "password",
            "version": "1"
          },
          "sensitive_attributes": []
        }
      ]
    },
    {
      "mode": "managed",
      "type": "google_cloud_run_service",
      "name": "zero2prod_app",
      "provider": "provider[\"registry.terraform.io/hashicorp/google\"]",
      "instances": [
        {
          "schema_version": 1,
          "attributes": {
            "autogenerate_revision_name": false,
            "id": "locations/europe-west3/namespaces/zero2prod-473829/services/zero2prod-app",
            "location": "europe-west3",
            "metadata": [
              {
                "annotations": {
                  "run.googleapis.com/ingress": "all",
                  "run.googleapis.com/ingress-status": "all",
                  "run.googleapis.com/operation-id": "2b82a83b-b8b3-494c-ba94-daed3ca86e46",
                  "run.googleapis.com/urls": "[\"https://zero2prod-app-812676081674.europe-west3.run.app\",\"https://zero2prod-app-fl6iv4uz3q-ey.a.run.app\"]",
                  "serving.knative.dev/creator": "smid.kristian@gmail.com",
                  "serving.knative.dev/lastModifier": "smid.kristian@gmail.com"
                },
                "generation": 1,
                "labels": {
                  "cloud.googleapis.com/location": "europe-west3",
                  "run.googleapis.com/satisfiesPzs": "true"
                },
                "namespace": "zero2prod-473829",
                "resource_version": "AAYnHWzWtOs",
                "self_link": "/apis/serving.knative.dev/v1/namespaces/812676081674/services/zero2prod-app",
                "uid": "05eeb910-39cc-4b7f-9ed6-aa4c621c448a"
              }
            ],
            "name": "zero2prod-app",
            "project": "zero2prod-473829",
            "status": [
              {
                "conditions": [
                  {
                    "message": "",
                    "reason": "",
                    "status": "True",
                    "type": "Ready"
                  },
                  {
                    "message": "",
                    "reason": "",
                    "status": "True",
                    "type": "ConfigurationsReady"
                  },
                  {
                    "message": "",
                    "reason": "",
                    "status": "True",
                    "type": "RoutesReady"
                  }
                ],
                "latest_created_revision_name": "zero2prod-app-00001-hfd",
                "latest_ready_revision_name": "zero2prod-app-00001-hfd",
                "observed_generation": 1,
                "traffic": [
                  {
                    "latest_revision": true,
                    "percent": 100,
                    "revision_name": "zero2prod-app-00001-hfd",
                    "tag": "",
                    "url": ""
                  }
                ],
                "url": "https://zero2prod-app-fl6iv4uz3q-ey.a.run.app"
              }
            ],
            "template": [
              {
                "metadata": [
                  {
                    "annotations": {
                      "autoscaling.knative.dev/maxScale": "1",
                      "autoscaling.knative.dev/minScale": "1"
                    },
                    "generation": 0,
                    "labels": {
                      "run.googleapis.com/startupProbeType": "Default"
                    },
                    "name": "",
                    "namespace": "",
                    "resource_version": "",
                    "self_link": "",
                    "uid": ""
                  }
                ],
                "spec": [
                  {
                    "container_concurrency": 80,
                    "containers": [
                      {
                        "args": null,
                        "command": null,
                        "env": [
                          {
                            "name": "APP_DATABASE__DATABASE_NAME",
                            "value": "newsletter",
                            "value_from": []
                          },
                          {
                            "name": "APP_DATABASE__HOSTNAME",
                            "value": "zero2prod-473829:europe-west3:zero2prod-db",
                            "value_from": []
                          },
                          {
                            "name": "APP_DATABASE__PASSWORD",
                            "value": "password",
                            "value_from": []
                          },
                          {
                            "name": "APP_DATABASE__USERNAME",
                            "value": "postgress",
                            "value_from": []
                          },
                          {
                            "name": "APP_ENVIRONMENT",
                            "value": "prod",
                            "value_from": []
                          }
                        ],
                        "env_from": [],
                        "image": "europe-west3-docker.pkg.dev/zero2prod-473829/zero2prod/zero2prod:latest",
                        "liveness_probe": [
                          {
                            "failure_threshold": 3,
                            "grpc": [],
                            "http_get": [
                              {
                                "http_headers": [],
                                "path": "/health_check",
                                "port": 8080
                              }
                            ],
                            "initial_delay_seconds": 0,
                            "period_seconds": 10,
                            "timeout_seconds": 1
                          }
                        ],
                        "name": "",
                        "ports": [
                          {
                            "container_port": 8080,
                            "name": "http1",
                            "protocol": ""
                          }
                        ],
                        "resources": [
                          {
                            "limits": {
                              "cpu": "1000m",
                              "memory": "256Mi"
                            },
                            "requests": null
                          }
                        ],
                        "startup_probe": [
                          {
                            "failure_threshold": 1,
                            "grpc": [],
                            "http_get": [],
                            "initial_delay_seconds": 0,
                            "period_seconds": 240,
                            "tcp_socket": [
                              {
                                "port": 8080
                              }
                            ],
                            "timeout_seconds": 240
                          }
                        ],
                        "volume_mounts": [],
                        "working_dir": ""
                      }
                    ],
                    "service_account_name": "812676081674-compute@developer.gserviceaccount.com",
                    "serving_state": "",
                    "timeout_seconds": 300,
                    "volumes": []
                  }
                ]
              }
            ],
            "timeouts": null,
            "traffic": [
              {
                "latest_revision": true,
                "percent": 100,
                "revision_name": "",
                "tag": "",
                "url": ""
              }
            ]
          },
          "sensitive_attributes": [
            [
              {
                "type": "get_attr",
                "value": "template"
              },
              {
                "type": "index",
                "value": {
                  "value": 0,
                  "type": "number"
                }
              },
              {
                "type": "get_attr",
                "value": "spec"
              },
              {
                "type": "index",
                "value": {
                  "value": 0,
                  "type": "number"
                }
              },
              {
                "type": "get_attr",
                "value": "containers"
              },
              {
                "type": "index",
                "value": {
                  "value": 0,
                  "type": "number"
                }
              },
              {
                "type": "get_attr",
                "value": "env"
              }
            ]
          ],
          "private": "eyJlMmJmYjczMC1lY2FhLTExZTYtOGY4OC0zNDM2M2JjN2M0YzAiOnsiY3JlYXRlIjoxMjAwMDAwMDAwMDAwLCJkZWxldGUiOjEyMDAwMDAwMDAwMDAsInVwZGF0ZSI6MTIwMDAwMDAwMDAwMH0sInNjaGVtYV92ZXJzaW9uIjoiMSJ9",
          "dependencies": [
            "data.google_secret_manager_secret_version.db_password",
            "google_sql_database_instance.zero2prod_db",
            "google_sql_user.default_sql_user"
          ]
        }
      ]
    },
    {
      "mode": "managed",
      "type": "google_cloud_run_service_iam_binding",
      "name": "noauth",
      "provider": "provider[\"registry.terraform.io/hashicorp/google\"]",
      "instances": [
        {
          "schema_version": 0,
          "attributes": {
            "condition": [],
            "etag": "BwYnHW0YhqY=",
            "id": "v1/projects/zero2prod-473829/locations/europe-west3/services/zero2prod-app/roles/run.invoker",
            "location": "europe-west3",
            "members": [
              "allUsers"
            ],
            "project": "zero2prod-473829",
            "role": "roles/run.invoker",
            "service": "v1/projects/zero2prod-473829/locations/europe-west3/services/zero2prod-app"
          },
          "sensitive_attributes": [],
          "private": "bnVsbA==",
          "dependencies": [
            "data.google_secret_manager_secret_version.db_password",
            "google_cloud_run_service.zero2prod_app",
            "google_sql_database_instance.zero2prod_db",
            "google_sql_user.default_sql_user"
          ]
        }
      ]
    },
    {
      "mode": "managed",
      "type": "google_sql_database_instance",
      "name": "zero2prod_db",
      "provider": "provider[\"registry.terraform.io/hashicorp/google\"]",
      "instances": [
        {
          "schema_version": 0,
          "attributes": {
            "available_maintenance_versions": [],
            "clone": [],
            "connection_name": "zero2prod-473829:europe-west3:zero2prod-db",
            "database_version": "POSTGRES_14",
            "deletion_protection": true,
            "dns_name": "",
            "encryption_key_name": null,
            "first_ip_address": "34.141.124.197",
            "id": "zero2prod-db",
            "instance_type": "CLOUD_SQL_INSTANCE",
            "ip_address": [
              {
                "ip_address": "34.141.124.197",
                "time_to_retire": "",
                "type": "PRIMARY"
              },
              {
                "ip_address": "35.198.103.31",
                "time_to_retire": "",
                "type": "OUTGOING"
              }
            ],
            "maintenance_version": "POSTGRES_14_13.R20240910.01_17",
            "master_instance_name": "",
            "name": "zero2prod-db",
            "private_ip_address": "",
            "project": "zero2prod-473829",
            "psc_service_attachment_link": "",
            "public_ip_address": "34.141.124.197",
            "region": "europe-west3",
            "replica_configuration": [],
            "restore_backup_context": [],
            "root_password": "password",
            "self_link": "https://sqladmin.googleapis.com/sql/v1beta4/projects/zero2prod-473829/instances/zero2prod-db",
            "server_ca_cert": [
              {
                "cert": "-----BEGIN CERTIFICATE-----\nMIIDfzCCAmegAwIBAgIBADANBgkqhkiG9w0BAQsFADB3MS0wKwYDVQQuEyRiNmZk\nY2NiNi05OWI4LTQ0N2YtOTBjOC0wMjEwNjQxZjA1OWMxIzAhBgNVBAMTGkdvb2ds\nZSBDbG91ZCBTUUwgU2VydmVyIENBMRQwEgYDVQQKEwtHb29nbGUsIEluYzELMAkG\nA1UEBhMCVVMwHhcNMjQxMTE3MTUxOTQwWhcNMzQxMTE1MTUyMDQwWjB3MS0wKwYD\nVQQuEyRiNmZkY2NiNi05OWI4LTQ0N2YtOTBjOC0wMjEwNjQxZjA1OWMxIzAhBgNV\nBAMTGkdvb2dsZSBDbG91ZCBTUUwgU2VydmVyIENBMRQwEgYDVQQKEwtHb29nbGUs\nIEluYzELMAkGA1UEBhMCVVMwggEiMA0GCSqGSIb3DQEBAQUAA4IBDwAwggEKAoIB\nAQCkTY/EQ7N4/4yFK9jxM9CSa92TcpCN/1M3zgvaCn6Hpu3dO0ISnDAWlzOVuU5w\ntETWNQn4OdCsYpaXQSjyi6INt9wHPBuvqTC7CNfLVU/CSIdgf8q2oyEBhDx/S/Z6\nNDQCpfh8/OC8cbDWb+PfXqL/FlvDMduXJTB5A0VwJZR/ZbbisY9/vQhvqQsLiUT0\nLyvaurF7LyNECN4bkrxpshBImjUrX20FBg43zcow0Nl5qh+7QkGTBpcmLdxlkArA\n7SEu4vWuwpr9BINw4/zhyysUgZz0j327wQxQXszeqbFrZ2CikILKAId+p8dtGa56\n9AR9/JjTW0aENVW1xuF3RPHdAgMBAAGjFjAUMBIGA1UdEwEB/wQIMAYBAf8CAQAw\nDQYJKoZIhvcNAQELBQADggEBADa0gBgUjbOXEfGqMzIAEXyBmzjAA+quwny+TRpN\nY2moC8oBEuPESRkdBniyu1Df77xtkJ2VEkB8FEIlT0axJ7cp+g9rqdQHUkL77c1y\noWBgjJjqkw3vrhMEfwJqqPoPIfY9wN53oT1cTabHfyaZLQUXuLXSeRh+/dFien4h\nxSQhKdYeTwtj1n2Eof1reBF/9e4QTjQCCCCbRyVt4XM0ZaTliajB2iKps/xFdSQv\nq4DTZnr8Aeax+1cQtK7aTJFkbQHsrrLT39dQdEnFb8x0UT3bCxBeL1XL7uEBxGH0\nXhY0fk8c2vHDXkJJuJF03nL3bG7KA7tkdsUaASJpk0KIRB8=\n-----END CERTIFICATE-----",
                "common_name": "C=US,O=Google\\, Inc,CN=Google Cloud SQL Server CA,dnQualifier=b6fdccb6-99b8-447f-90c8-0210641f059c",
                "create_time": "2024-11-17T15:19:40.029Z",
                "expiration_time": "2034-11-15T15:20:40.029Z",
                "sha1_fingerprint": "2b2dec5ef5c19513dc66aa6b4f50a2b655d3ae57"
              }
            ],
            "service_account_email_address": "p812676081674-wlbhrc@gcp-sa-cloud-sql.iam.gserviceaccount.com",
            "settings": [
              {
                "activation_policy": "ALWAYS",
                "active_directory_config": [],
                "advanced_machine_features": [],
                "availability_type": "ZONAL",
                "backup_configuration": [
                  {
                    "backup_retention_settings": [
                      {
                        "retained_backups": 7,
                        "retention_unit": "COUNT"
                      }
                    ],
                    "binary_log_enabled": false,
                    "enabled": true,
                    "location": "",
                    "point_in_time_recovery_enabled": true,
                    "start_time": "01:00",
                    "transaction_log_retention_days": 7
                  }
                ],
                "collation": "",
                "connector_enforcement": "NOT_REQUIRED",
                "data_cache_config": [],
                "database_flags": [],
                "deletion_protection_enabled": false,
                "deny_maintenance_period": [],
                "disk_autoresize": false,
                "disk_autoresize_limit": 0,
                "disk_size": 10,
                "disk_type": "PD_SSD",
                "edition": "",
                "insights_config": [],
                "ip_configuration": [
                  {
                    "allocated_ip_range": "",
                    "authorized_networks": [],
                    "enable_private_path_for_google_cloud_services": false,
                    "ipv4_enabled": true,
                    "private_network": "",
                    "psc_config": [],
                    "require_ssl": false
                  }
                ],
                "location_preference": [
                  {
                    "follow_gae_application": "",
                    "secondary_zone": "",
                    "zone": "europe-west3-c"
                  }
                ],
                "maintenance_window": [
                  {
                    "day": 7,
                    "hour": 1,
                    "update_track": ""
                  }
                ],
                "password_validation_policy": [],
                "pricing_plan": "PER_USE",
                "sql_server_audit_config": [],
                "tier": "db-g1-small",
                "time_zone": "",
                "user_labels": {},
                "version": 1
              }
            ],
            "timeouts": null
          },
          "sensitive_attributes": [
            [
              {
                "type": "get_attr",
                "value": "root_password"
              }
            ]
          ],
          "private": "eyJlMmJmYjczMC1lY2FhLTExZTYtOGY4OC0zNDM2M2JjN2M0YzAiOnsiY3JlYXRlIjoyNDAwMDAwMDAwMDAwLCJkZWxldGUiOjE4MDAwMDAwMDAwMDAsInVwZGF0ZSI6MTgwMDAwMDAwMDAwMH19",
          "dependencies": [
            "data.google_secret_manager_secret_version.db_password"
          ]
        }
      ]
    },
    {
      "mode": "managed",
      "type": "google_sql_user",
      "name": "default_sql_user",
      "provider": "provider[\"registry.terraform.io/hashicorp/google\"]",
      "instances": [
        {
          "schema_version": 1,
          "attributes": {
            "deletion_policy": null,
            "host": "",
            "id": "postgress//zero2prod-db",
            "instance": "zero2prod-db",
            "name": "postgress",
            "password": "password",
            "password_policy": [],
            "project": "zero2prod-473829",
            "sql_server_user_details": [],
            "timeouts": null,
            "type": ""
          },
          "sensitive_attributes": [
            [
              {
                "type": "get_attr",
                "value": "password"
              }
            ]
          ],
          "private": "eyJlMmJmYjczMC1lY2FhLTExZTYtOGY4OC0zNDM2M2JjN2M0YzAiOnsiY3JlYXRlIjo2MDAwMDAwMDAwMDAsImRlbGV0ZSI6NjAwMDAwMDAwMDAwLCJ1cGRhdGUiOjYwMDAwMDAwMDAwMH0sInNjaGVtYV92ZXJzaW9uIjoiMSJ9",
          "dependencies": [
            "data.google_secret_manager_secret_version.db_password",
            "google_sql_database_instance.zero2prod_db"
          ]
        }
      ]
    }
  ],
  "check_results": null
}
