{
  "version": 4,
  "terraform_version": "1.5.7",
  "serial": 8,
  "lineage": "ffa8a1f1-7cb9-a479-b656-749f47ed8cfb",
  "outputs": {},
  "resources": [
    {
      "mode": "data",
      "type": "google_secret_manager_secret_version",
      "name": "db_password",
      "provider": "provider[\"registry.terraform.io/hashicorp/google\"]",
      "instances": [
        {
          "schema_version": 0,
          "attributes": {
            "create_time": "2024-11-03T16:50:58.227347Z",
            "destroy_time": null,
            "enabled": true,
            "id": "projects/812676081674/secrets/DB_PASSWORD/versions/1",
            "name": "projects/812676081674/secrets/DB_PASSWORD/versions/1",
            "project": "zero2prod-473829",
            "secret": "DB_PASSWORD",
            "secret_data": "password",
            "version": "1"
          },
          "sensitive_attributes": []
        }
      ]
    },
    {
      "mode": "managed",
      "type": "google_cloud_run_service",
      "name": "zero2prod_app",
      "provider": "provider[\"registry.terraform.io/hashicorp/google\"]",
      "instances": [
        {
          "schema_version": 1,
          "attributes": {
            "autogenerate_revision_name": false,
            "id": "locations/europe-west3/namespaces/zero2prod-473829/services/zero2prod-app",
            "location": "europe-west3",
            "metadata": [
              {
                "annotations": {
                  "run.googleapis.com/ingress": "all",
                  "run.googleapis.com/ingress-status": "all",
                  "run.googleapis.com/operation-id": "cadee53c-f3d4-4ae5-b60e-81afacf74005",
                  "run.googleapis.com/urls": "[\"https://zero2prod-app-812676081674.europe-west3.run.app\",\"https://zero2prod-app-fl6iv4uz3q-ey.a.run.app\"]",
                  "serving.knative.dev/creator": "smid.kristian@gmail.com",
                  "serving.knative.dev/lastModifier": "smid.kristian@gmail.com"
                },
                "generation": 1,
                "labels": {
                  "cloud.googleapis.com/location": "europe-west3",
                  "run.googleapis.com/satisfiesPzs": "true"
                },
                "namespace": "zero2prod-473829",
                "resource_version": "AAYmBin9bs0",
                "self_link": "/apis/serving.knative.dev/v1/namespaces/812676081674/services/zero2prod-app",
                "uid": "82915f13-63e6-49e5-b31d-04bc56d1720a"
              }
            ],
            "name": "zero2prod-app",
            "project": "zero2prod-473829",
            "status": [
              {
                "conditions": [
                  {
                    "message": "",
                    "reason": "",
                    "status": "True",
                    "type": "Ready"
                  },
                  {
                    "message": "",
                    "reason": "",
                    "status": "True",
                    "type": "ConfigurationsReady"
                  },
                  {
                    "message": "",
                    "reason": "",
                    "status": "True",
                    "type": "RoutesReady"
                  }
                ],
                "latest_created_revision_name": "zero2prod-app-00001-8n2",
                "latest_ready_revision_name": "zero2prod-app-00001-8n2",
                "observed_generation": 1,
                "traffic": [
                  {
                    "latest_revision": true,
                    "percent": 100,
                    "revision_name": "zero2prod-app-00001-8n2",
                    "tag": "",
                    "url": ""
                  }
                ],
                "url": "https://zero2prod-app-fl6iv4uz3q-ey.a.run.app"
              }
            ],
            "template": [
              {
                "metadata": [
                  {
                    "annotations": {
                      "autoscaling.knative.dev/maxScale": "1",
                      "autoscaling.knative.dev/minScale": "1"
                    },
                    "generation": 0,
                    "labels": {
                      "run.googleapis.com/startupProbeType": "Default"
                    },
                    "name": "",
                    "namespace": "",
                    "resource_version": "",
                    "self_link": "",
                    "uid": ""
                  }
                ],
                "spec": [
                  {
                    "container_concurrency": 80,
                    "containers": [
                      {
                        "args": [],
                        "command": [],
                        "env": [
                          {
                            "name": "APP_ENVIRONMENT",
                            "value": "prod",
                            "value_from": []
                          }
                        ],
                        "env_from": [],
                        "image": "europe-west3-docker.pkg.dev/zero2prod-473829/zero2prod/zero2prod:latest",
                        "liveness_probe": [
                          {
                            "failure_threshold": 3,
                            "grpc": [],
                            "http_get": [
                              {
                                "http_headers": [],
                                "path": "/health_check",
                                "port": 8080
                              }
                            ],
                            "initial_delay_seconds": 0,
                            "period_seconds": 10,
                            "timeout_seconds": 1
                          }
                        ],
                        "name": "",
                        "ports": [
                          {
                            "container_port": 8080,
                            "name": "http1",
                            "protocol": ""
                          }
                        ],
                        "resources": [
                          {
                            "limits": {
                              "cpu": "1000m",
                              "memory": "256Mi"
                            },
                            "requests": {}
                          }
                        ],
                        "startup_probe": [
                          {
                            "failure_threshold": 1,
                            "grpc": [],
                            "http_get": [],
                            "initial_delay_seconds": 0,
                            "period_seconds": 240,
                            "tcp_socket": [
                              {
                                "port": 8080
                              }
                            ],
                            "timeout_seconds": 240
                          }
                        ],
                        "volume_mounts": [],
                        "working_dir": ""
                      }
                    ],
                    "service_account_name": "812676081674-compute@developer.gserviceaccount.com",
                    "serving_state": "",
                    "timeout_seconds": 300,
                    "volumes": []
                  }
                ]
              }
            ],
            "timeouts": null,
            "traffic": [
              {
                "latest_revision": true,
                "percent": 100,
                "revision_name": "",
                "tag": "",
                "url": ""
              }
            ]
          },
          "sensitive_attributes": [],
          "private": "eyJlMmJmYjczMC1lY2FhLTExZTYtOGY4OC0zNDM2M2JjN2M0YzAiOnsiY3JlYXRlIjoxMjAwMDAwMDAwMDAwLCJkZWxldGUiOjEyMDAwMDAwMDAwMDAsInVwZGF0ZSI6MTIwMDAwMDAwMDAwMH0sInNjaGVtYV92ZXJzaW9uIjoiMSJ9"
        }
      ]
    },
    {
      "mode": "managed",
      "type": "google_sql_database_instance",
      "name": "zero2prod_db",
      "provider": "provider[\"registry.terraform.io/hashicorp/google\"]",
      "instances": [
        {
          "schema_version": 0,
          "attributes": {
            "available_maintenance_versions": [],
            "clone": [],
            "connection_name": "zero2prod-473829:europe-west3:zero2prod-db",
            "database_version": "POSTGRES_14",
            "deletion_protection": true,
            "dns_name": "",
            "encryption_key_name": null,
            "first_ip_address": "34.159.226.216",
            "id": "zero2prod-db",
            "instance_type": "CLOUD_SQL_INSTANCE",
            "ip_address": [
              {
                "ip_address": "34.159.226.216",
                "time_to_retire": "",
                "type": "PRIMARY"
              },
              {
                "ip_address": "34.159.34.182",
                "time_to_retire": "",
                "type": "OUTGOING"
              }
            ],
            "maintenance_version": "POSTGRES_14_13.R20240910.01_15",
            "master_instance_name": "",
            "name": "zero2prod-db",
            "private_ip_address": "",
            "project": "zero2prod-473829",
            "psc_service_attachment_link": "",
            "public_ip_address": "34.159.226.216",
            "region": "europe-west3",
            "replica_configuration": [],
            "restore_backup_context": [],
            "root_password": "password",
            "self_link": "https://sqladmin.googleapis.com/sql/v1beta4/projects/zero2prod-473829/instances/zero2prod-db",
            "server_ca_cert": [
              {
                "cert": "-----BEGIN CERTIFICATE-----\nMIIDfzCCAmegAwIBAgIBADANBgkqhkiG9w0BAQsFADB3MS0wKwYDVQQuEyQyZTA4\nZjk0Yi1hNWRiLTRjNmMtOTBmYy01YjE5MmYxOTRmMWExIzAhBgNVBAMTGkdvb2ds\nZSBDbG91ZCBTUUwgU2VydmVyIENBMRQwEgYDVQQKEwtHb29nbGUsIEluYzELMAkG\nA1UEBhMCVVMwHhcNMjQxMTAzMTgxODI4WhcNMzQxMTAxMTgxOTI4WjB3MS0wKwYD\nVQQuEyQyZTA4Zjk0Yi1hNWRiLTRjNmMtOTBmYy01YjE5MmYxOTRmMWExIzAhBgNV\nBAMTGkdvb2dsZSBDbG91ZCBTUUwgU2VydmVyIENBMRQwEgYDVQQKEwtHb29nbGUs\nIEluYzELMAkGA1UEBhMCVVMwggEiMA0GCSqGSIb3DQEBAQUAA4IBDwAwggEKAoIB\nAQDe43r+E/uV9+5e6zBSrLj0NS1xxuboKeW7Wj6lea0Gucc5tT3g5GcChKa+ag4T\nZ7zcgtrvIYnmDLKK/0gzbNYv7GHkePjzFQLZmgxW8SmNWOVyueKvnIXAjE2Rr7VT\nvhDpgjiUgdT2bPCY/kX230jQ0IlTdKfEG7jjcf7IyRWLrkIuJt7zEL5+XMIB7+9/\nvJOR+T6f6Gzg4SKBfuWOx/Bm445zwaurvFdfj7SX1fY5e6QcTZ5ZtWNVu7L3JzdP\nbbLz9pYYoYgm+H7pfRm/EysRNQIZJYJ8R52rH0q+CTVgZ9BQudVolXP9oCJjpONx\nfmZ4JpHXFxm+0lg3nQyl0EjnAgMBAAGjFjAUMBIGA1UdEwEB/wQIMAYBAf8CAQAw\nDQYJKoZIhvcNAQELBQADggEBANaEzhKUYqGVhMruwWDKPhI35KqTTHw8RVmp/Vqp\nda1bZEN8EQ3FxsFCzaTpeupUIpxe28qL+AGdZBBJLe54W2VHvG405c1JkpmnbCtj\n5Zbz151ZuF0P/HH54wlV+caNYD3dmtgZ7GUekCi3apbmpeNJY28N+NtvPhLbBXPc\nlIcr/IMs3BFny+TX/v29BLeX0eKF8owu6LpZ6ydtv1xQEssZ8oIA5ylRRVROWm2S\nIL9MgSAxE21e1R9fGqGnyzLIiWczZ9vmbjvJtoSLsKPPLRk6jX7hlMYh1DxQ39Ak\nFg5fds3MITLTLDcPRYSlvPgQ58f9leKfiRm7aA6DLHVqoxU=\n-----END CERTIFICATE-----",
                "common_name": "C=US,O=Google\\, Inc,CN=Google Cloud SQL Server CA,dnQualifier=2e08f94b-a5db-4c6c-90fc-5b192f194f1a",
                "create_time": "2024-11-03T18:18:28.546Z",
                "expiration_time": "2034-11-01T18:19:28.546Z",
                "sha1_fingerprint": "a57845437b21da4d40f74d841b1fce56bef8c4d3"
              }
            ],
            "service_account_email_address": "p812676081674-lbij39@gcp-sa-cloud-sql.iam.gserviceaccount.com",
            "settings": [
              {
                "activation_policy": "ALWAYS",
                "active_directory_config": [],
                "advanced_machine_features": [],
                "availability_type": "ZONAL",
                "backup_configuration": [
                  {
                    "backup_retention_settings": [
                      {
                        "retained_backups": 7,
                        "retention_unit": "COUNT"
                      }
                    ],
                    "binary_log_enabled": false,
                    "enabled": true,
                    "location": "",
                    "point_in_time_recovery_enabled": true,
                    "start_time": "01:00",
                    "transaction_log_retention_days": 7
                  }
                ],
                "collation": "",
                "connector_enforcement": "NOT_REQUIRED",
                "data_cache_config": [],
                "database_flags": [],
                "deletion_protection_enabled": false,
                "deny_maintenance_period": [],
                "disk_autoresize": false,
                "disk_autoresize_limit": 0,
                "disk_size": 10,
                "disk_type": "PD_SSD",
                "edition": "",
                "insights_config": [],
                "ip_configuration": [
                  {
                    "allocated_ip_range": "",
                    "authorized_networks": [],
                    "enable_private_path_for_google_cloud_services": false,
                    "ipv4_enabled": true,
                    "private_network": "",
                    "psc_config": [],
                    "require_ssl": false
                  }
                ],
                "location_preference": [
                  {
                    "follow_gae_application": "",
                    "secondary_zone": "",
                    "zone": "europe-west3-c"
                  }
                ],
                "maintenance_window": [
                  {
                    "day": 7,
                    "hour": 1,
                    "update_track": ""
                  }
                ],
                "password_validation_policy": [],
                "pricing_plan": "PER_USE",
                "sql_server_audit_config": [],
                "tier": "db-g1-small",
                "time_zone": "",
                "user_labels": {},
                "version": 1
              }
            ],
            "timeouts": null
          },
          "sensitive_attributes": [
            [
              {
                "type": "get_attr",
                "value": "root_password"
              }
            ]
          ],
          "private": "eyJlMmJmYjczMC1lY2FhLTExZTYtOGY4OC0zNDM2M2JjN2M0YzAiOnsiY3JlYXRlIjoyNDAwMDAwMDAwMDAwLCJkZWxldGUiOjE4MDAwMDAwMDAwMDAsInVwZGF0ZSI6MTgwMDAwMDAwMDAwMH19",
          "dependencies": [
            "data.google_secret_manager_secret_version.db_password"
          ]
        }
      ]
    }
  ],
  "check_results": null
}
